// !$*UTF8*$!
{
	archiveVersion = 1;
	classes = {
	};
	objectVersion = 46;
	objects = {

/* Begin PBXBuildFile section */
		4E0E110A1F141B5200F53B38 /* RecommendFlowLayout.m in Sources */ = {isa = PBXBuildFile; fileRef = 4E0E11091F141B5200F53B38 /* RecommendFlowLayout.m */; };
		4E0E110D1F14253300F53B38 /* RecommendCell.m in Sources */ = {isa = PBXBuildFile; fileRef = 4E0E110C1F14253300F53B38 /* RecommendCell.m */; };
		4ECE7E8F1EF02E7100EB625A /* FocusViewController.m in Sources */ = {isa = PBXBuildFile; fileRef = 4ECE7E8E1EF02E7100EB625A /* FocusViewController.m */; };
		4ECE7E931EF02F0900EB625A /* TitleButton.m in Sources */ = {isa = PBXBuildFile; fileRef = 4ECE7E921EF02F0900EB625A /* TitleButton.m */; };
		4ECE7E961EF0841D00EB625A /* WJItemsControlView.m in Sources */ = {isa = PBXBuildFile; fileRef = 4ECE7E951EF0841D00EB625A /* WJItemsControlView.m */; };
		4ECE7E991EF0A5BB00EB625A /* RecommendViewController.m in Sources */ = {isa = PBXBuildFile; fileRef = 4ECE7E981EF0A5BB00EB625A /* RecommendViewController.m */; };
		815B88C81EEE6E150052B2CE /* HomeViewController.m in Sources */ = {isa = PBXBuildFile; fileRef = 815B88C71EEE6E150052B2CE /* HomeViewController.m */; };
		815B88CC1EEEB0130052B2CE /* LiveViewController.m in Sources */ = {isa = PBXBuildFile; fileRef = 815B88CB1EEEB0130052B2CE /* LiveViewController.m */; };
		815B88D51EEEB6F90052B2CE /* DiscoveryViewController.m in Sources */ = {isa = PBXBuildFile; fileRef = 815B88D41EEEB6F90052B2CE /* DiscoveryViewController.m */; };
		815B88D81EEEB70D0052B2CE /* MineViewController.m in Sources */ = {isa = PBXBuildFile; fileRef = 815B88D71EEEB70D0052B2CE /* MineViewController.m */; };
		81FDDB111EEE29FA0093A3C9 /* main.m in Sources */ = {isa = PBXBuildFile; fileRef = 81FDDB101EEE29FA0093A3C9 /* main.m */; };
		81FDDB141EEE29FA0093A3C9 /* AppDelegate.m in Sources */ = {isa = PBXBuildFile; fileRef = 81FDDB131EEE29FA0093A3C9 /* AppDelegate.m */; };
		81FDDB171EEE29FA0093A3C9 /* ViewController.m in Sources */ = {isa = PBXBuildFile; fileRef = 81FDDB161EEE29FA0093A3C9 /* ViewController.m */; };
		81FDDB1A1EEE29FA0093A3C9 /* Main.storyboard in Resources */ = {isa = PBXBuildFile; fileRef = 81FDDB181EEE29FA0093A3C9 /* Main.storyboard */; };
		81FDDB1C1EEE29FA0093A3C9 /* Assets.xcassets in Resources */ = {isa = PBXBuildFile; fileRef = 81FDDB1B1EEE29FA0093A3C9 /* Assets.xcassets */; };
		81FDDB1F1EEE29FA0093A3C9 /* LaunchScreen.storyboard in Resources */ = {isa = PBXBuildFile; fileRef = 81FDDB1D1EEE29FA0093A3C9 /* LaunchScreen.storyboard */; };
		81FDDB2E1EEE51B00093A3C9 /* DYTabBarController.m in Sources */ = {isa = PBXBuildFile; fileRef = 81FDDB2D1EEE51B00093A3C9 /* DYTabBarController.m */; };
		81FDDB351EEE55290093A3C9 /* UIColor+Util.m in Sources */ = {isa = PBXBuildFile; fileRef = 81FDDB341EEE55290093A3C9 /* UIColor+Util.m */; };
/* End PBXBuildFile section */

/* Begin PBXFileReference section */
		4E0E11081F141B5200F53B38 /* RecommendFlowLayout.h */ = {isa = PBXFileReference; fileEncoding = 4; lastKnownFileType = sourcecode.c.h; path = RecommendFlowLayout.h; sourceTree = "<group>"; };
		4E0E11091F141B5200F53B38 /* RecommendFlowLayout.m */ = {isa = PBXFileReference; fileEncoding = 4; lastKnownFileType = sourcecode.c.objc; path = RecommendFlowLayout.m; sourceTree = "<group>"; };
		4E0E110B1F14253300F53B38 /* RecommendCell.h */ = {isa = PBXFileReference; fileEncoding = 4; lastKnownFileType = sourcecode.c.h; path = RecommendCell.h; sourceTree = "<group>"; };
		4E0E110C1F14253300F53B38 /* RecommendCell.m */ = {isa = PBXFileReference; fileEncoding = 4; lastKnownFileType = sourcecode.c.objc; path = RecommendCell.m; sourceTree = "<group>"; };
		4ECE7E8D1EF02E7100EB625A /* FocusViewController.h */ = {isa = PBXFileReference; fileEncoding = 4; lastKnownFileType = sourcecode.c.h; path = FocusViewController.h; sourceTree = "<group>"; };
		4ECE7E8E1EF02E7100EB625A /* FocusViewController.m */ = {isa = PBXFileReference; fileEncoding = 4; lastKnownFileType = sourcecode.c.objc; path = FocusViewController.m; sourceTree = "<group>"; };
		4ECE7E911EF02F0900EB625A /* TitleButton.h */ = {isa = PBXFileReference; fileEncoding = 4; lastKnownFileType = sourcecode.c.h; path = TitleButton.h; sourceTree = "<group>"; };
		4ECE7E921EF02F0900EB625A /* TitleButton.m */ = {isa = PBXFileReference; fileEncoding = 4; lastKnownFileType = sourcecode.c.objc; path = TitleButton.m; sourceTree = "<group>"; };
		4ECE7E941EF0841D00EB625A /* WJItemsControlView.h */ = {isa = PBXFileReference; fileEncoding = 4; lastKnownFileType = sourcecode.c.h; path = WJItemsControlView.h; sourceTree = "<group>"; };
		4ECE7E951EF0841D00EB625A /* WJItemsControlView.m */ = {isa = PBXFileReference; fileEncoding = 4; lastKnownFileType = sourcecode.c.objc; path = WJItemsControlView.m; sourceTree = "<group>"; };
		4ECE7E971EF0A5BB00EB625A /* RecommendViewController.h */ = {isa = PBXFileReference; fileEncoding = 4; lastKnownFileType = sourcecode.c.h; path = RecommendViewController.h; sourceTree = "<group>"; };
		4ECE7E981EF0A5BB00EB625A /* RecommendViewController.m */ = {isa = PBXFileReference; fileEncoding = 4; lastKnownFileType = sourcecode.c.objc; path = RecommendViewController.m; sourceTree = "<group>"; };
		815B88C61EEE6E150052B2CE /* HomeViewController.h */ = {isa = PBXFileReference; fileEncoding = 4; lastKnownFileType = sourcecode.c.h; path = HomeViewController.h; sourceTree = "<group>"; };
		815B88C71EEE6E150052B2CE /* HomeViewController.m */ = {isa = PBXFileReference; fileEncoding = 4; lastKnownFileType = sourcecode.c.objc; path = HomeViewController.m; sourceTree = "<group>"; };
		815B88CA1EEEB0130052B2CE /* LiveViewController.h */ = {isa = PBXFileReference; fileEncoding = 4; lastKnownFileType = sourcecode.c.h; path = LiveViewController.h; sourceTree = "<group>"; };
		815B88CB1EEEB0130052B2CE /* LiveViewController.m */ = {isa = PBXFileReference; fileEncoding = 4; lastKnownFileType = sourcecode.c.objc; path = LiveViewController.m; sourceTree = "<group>"; };
		815B88D31EEEB6F90052B2CE /* DiscoveryViewController.h */ = {isa = PBXFileReference; fileEncoding = 4; lastKnownFileType = sourcecode.c.h; name = DiscoveryViewController.h; path = DouYuApp/Modules/DiscoveryViewController.h; sourceTree = SOURCE_ROOT; };
		815B88D41EEEB6F90052B2CE /* DiscoveryViewController.m */ = {isa = PBXFileReference; fileEncoding = 4; lastKnownFileType = sourcecode.c.objc; name = DiscoveryViewController.m; path = DouYuApp/Modules/DiscoveryViewController.m; sourceTree = SOURCE_ROOT; };
		815B88D61EEEB70D0052B2CE /* MineViewController.h */ = {isa = PBXFileReference; fileEncoding = 4; lastKnownFileType = sourcecode.c.h; name = MineViewController.h; path = DouYuApp/Modules/MineViewController.h; sourceTree = SOURCE_ROOT; };
		815B88D71EEEB70D0052B2CE /* MineViewController.m */ = {isa = PBXFileReference; fileEncoding = 4; lastKnownFileType = sourcecode.c.objc; name = MineViewController.m; path = DouYuApp/Modules/MineViewController.m; sourceTree = SOURCE_ROOT; };
		81FDDB0C1EEE29FA0093A3C9 /* DouYuApp.app */ = {isa = PBXFileReference; explicitFileType = wrapper.application; includeInIndex = 0; path = DouYuApp.app; sourceTree = BUILT_PRODUCTS_DIR; };
		81FDDB101EEE29FA0093A3C9 /* main.m */ = {isa = PBXFileReference; lastKnownFileType = sourcecode.c.objc; path = main.m; sourceTree = "<group>"; };
		81FDDB121EEE29FA0093A3C9 /* AppDelegate.h */ = {isa = PBXFileReference; lastKnownFileType = sourcecode.c.h; name = AppDelegate.h; path = DouYuApp/AppDelegate.h; sourceTree = SOURCE_ROOT; };
		81FDDB131EEE29FA0093A3C9 /* AppDelegate.m */ = {isa = PBXFileReference; lastKnownFileType = sourcecode.c.objc; name = AppDelegate.m; path = DouYuApp/AppDelegate.m; sourceTree = SOURCE_ROOT; };
		81FDDB151EEE29FA0093A3C9 /* ViewController.h */ = {isa = PBXFileReference; lastKnownFileType = sourcecode.c.h; path = ViewController.h; sourceTree = "<group>"; };
		81FDDB161EEE29FA0093A3C9 /* ViewController.m */ = {isa = PBXFileReference; lastKnownFileType = sourcecode.c.objc; path = ViewController.m; sourceTree = "<group>"; };
		81FDDB191EEE29FA0093A3C9 /* Base */ = {isa = PBXFileReference; lastKnownFileType = file.storyboard; name = Base; path = Base.lproj/Main.storyboard; sourceTree = "<group>"; };
		81FDDB1B1EEE29FA0093A3C9 /* Assets.xcassets */ = {isa = PBXFileReference; lastKnownFileType = folder.assetcatalog; path = Assets.xcassets; sourceTree = "<group>"; };
		81FDDB1E1EEE29FA0093A3C9 /* Base */ = {isa = PBXFileReference; lastKnownFileType = file.storyboard; name = Base; path = Base.lproj/LaunchScreen.storyboard; sourceTree = "<group>"; };
		81FDDB201EEE29FA0093A3C9 /* Info.plist */ = {isa = PBXFileReference; lastKnownFileType = text.plist.xml; path = Info.plist; sourceTree = "<group>"; };
		81FDDB2C1EEE51B00093A3C9 /* DYTabBarController.h */ = {isa = PBXFileReference; fileEncoding = 4; lastKnownFileType = sourcecode.c.h; path = DYTabBarController.h; sourceTree = "<group>"; };
		81FDDB2D1EEE51B00093A3C9 /* DYTabBarController.m */ = {isa = PBXFileReference; fileEncoding = 4; lastKnownFileType = sourcecode.c.objc; path = DYTabBarController.m; sourceTree = "<group>"; };
		81FDDB301EEE53AE0093A3C9 /* FontAndColorMacros.h */ = {isa = PBXFileReference; lastKnownFileType = sourcecode.c.h; path = FontAndColorMacros.h; sourceTree = "<group>"; };
		81FDDB331EEE55290093A3C9 /* UIColor+Util.h */ = {isa = PBXFileReference; fileEncoding = 4; lastKnownFileType = sourcecode.c.h; path = "UIColor+Util.h"; sourceTree = "<group>"; };
		81FDDB341EEE55290093A3C9 /* UIColor+Util.m */ = {isa = PBXFileReference; fileEncoding = 4; lastKnownFileType = sourcecode.c.objc; path = "UIColor+Util.m"; sourceTree = "<group>"; };
		81FDDB361EEE56780093A3C9 /* DouYuApp-Prefix.pch */ = {isa = PBXFileReference; lastKnownFileType = sourcecode.c.h; path = "DouYuApp-Prefix.pch"; sourceTree = "<group>"; };
/* End PBXFileReference section */

/* Begin PBXFrameworksBuildPhase section */
		81FDDB091EEE29FA0093A3C9 /* Frameworks */ = {
			isa = PBXFrameworksBuildPhase;
			buildActionMask = 2147483647;
			files = (
			);
			runOnlyForDeploymentPostprocessing = 0;
		};
/* End PBXFrameworksBuildPhase section */

/* Begin PBXGroup section */
		4ECE7E901EF02EDC00EB625A /* View */ = {
			isa = PBXGroup;
			children = (
				4ECE7E941EF0841D00EB625A /* WJItemsControlView.h */,
				4ECE7E951EF0841D00EB625A /* WJItemsControlView.m */,
				4ECE7E911EF02F0900EB625A /* TitleButton.h */,
				4ECE7E921EF02F0900EB625A /* TitleButton.m */,
			);
			path = View;
			sourceTree = "<group>";
		};
		815B88C51EEE6DDF0052B2CE /* Home */ = {
			isa = PBXGroup;
			children = (
				4ECE7E901EF02EDC00EB625A /* View */,
				815B88C61EEE6E150052B2CE /* HomeViewController.h */,
				815B88C71EEE6E150052B2CE /* HomeViewController.m */,
				4ECE7E971EF0A5BB00EB625A /* RecommendViewController.h */,
				4ECE7E981EF0A5BB00EB625A /* RecommendViewController.m */,
				4E0E11081F141B5200F53B38 /* RecommendFlowLayout.h */,
				4E0E11091F141B5200F53B38 /* RecommendFlowLayout.m */,
				4E0E110B1F14253300F53B38 /* RecommendCell.h */,
				4E0E110C1F14253300F53B38 /* RecommendCell.m */,
			);
			path = Home;
			sourceTree = "<group>";
		};
		815B88C91EEEAFC70052B2CE /* Living */ = {
			isa = PBXGroup;
			children = (
				815B88CA1EEEB0130052B2CE /* LiveViewController.h */,
				815B88CB1EEEB0130052B2CE /* LiveViewController.m */,
			);
			path = Living;
			sourceTree = "<group>";
		};
		815B88CD1EEEB16F0052B2CE /* Focus */ = {
			isa = PBXGroup;
			children = (
				4ECE7E8D1EF02E7100EB625A /* FocusViewController.h */,
				4ECE7E8E1EF02E7100EB625A /* FocusViewController.m */,
			);
			path = Focus;
			sourceTree = "<group>";
		};
		815B88CE1EEEB18C0052B2CE /* Discovery */ = {
			isa = PBXGroup;
			children = (
				815B88D31EEEB6F90052B2CE /* DiscoveryViewController.h */,
				815B88D41EEEB6F90052B2CE /* DiscoveryViewController.m */,
			);
			name = Discovery;
			path = Discover;
			sourceTree = "<group>";
		};
		815B88CF1EEEB1AF0052B2CE /* Mine */ = {
			isa = PBXGroup;
			children = (
				815B88D61EEEB70D0052B2CE /* MineViewController.h */,
				815B88D71EEEB70D0052B2CE /* MineViewController.m */,
			);
			path = Mine;
			sourceTree = "<group>";
		};
		81FDDB031EEE29FA0093A3C9 = {
			isa = PBXGroup;
			children = (
				81FDDB0E1EEE29FA0093A3C9 /* DouYuApp */,
				81FDDB0D1EEE29FA0093A3C9 /* Products */,
			);
			sourceTree = "<group>";
		};
		81FDDB0D1EEE29FA0093A3C9 /* Products */ = {
			isa = PBXGroup;
			children = (
				81FDDB0C1EEE29FA0093A3C9 /* DouYuApp.app */,
			);
			name = Products;
			sourceTree = "<group>";
		};
		81FDDB0E1EEE29FA0093A3C9 /* DouYuApp */ = {
			isa = PBXGroup;
			children = (
				81FDDB311EEE53F70093A3C9 /* Utils */,
				81FDDB2F1EEE535D0093A3C9 /* Define */,
				81FDDB281EEE50C70093A3C9 /* BaseViewControllers */,
				81FDDB271EEE50740093A3C9 /* AppDelegate */,
				81FDDB261EEE4FB90093A3C9 /* Modules */,
				81FDDB151EEE29FA0093A3C9 /* ViewController.h */,
				81FDDB161EEE29FA0093A3C9 /* ViewController.m */,
				81FDDB181EEE29FA0093A3C9 /* Main.storyboard */,
				81FDDB1B1EEE29FA0093A3C9 /* Assets.xcassets */,
				81FDDB1D1EEE29FA0093A3C9 /* LaunchScreen.storyboard */,
				81FDDB201EEE29FA0093A3C9 /* Info.plist */,
				81FDDB361EEE56780093A3C9 /* DouYuApp-Prefix.pch */,
				81FDDB0F1EEE29FA0093A3C9 /* Supporting Files */,
			);
			path = DouYuApp;
			sourceTree = "<group>";
		};
		81FDDB0F1EEE29FA0093A3C9 /* Supporting Files */ = {
			isa = PBXGroup;
			children = (
				81FDDB101EEE29FA0093A3C9 /* main.m */,
			);
			name = "Supporting Files";
			sourceTree = "<group>";
		};
		81FDDB261EEE4FB90093A3C9 /* Modules */ = {
			isa = PBXGroup;
			children = (
				815B88CF1EEEB1AF0052B2CE /* Mine */,
				815B88CE1EEEB18C0052B2CE /* Discovery */,
				815B88CD1EEEB16F0052B2CE /* Focus */,
				815B88C91EEEAFC70052B2CE /* Living */,
				815B88C51EEE6DDF0052B2CE /* Home */,
			);
			path = Modules;
			sourceTree = "<group>";
		};
		81FDDB271EEE50740093A3C9 /* AppDelegate */ = {
			isa = PBXGroup;
			children = (
				81FDDB121EEE29FA0093A3C9 /* AppDelegate.h */,
				81FDDB131EEE29FA0093A3C9 /* AppDelegate.m */,
			);
			path = AppDelegate;
			sourceTree = "<group>";
		};
		81FDDB281EEE50C70093A3C9 /* BaseViewControllers */ = {
			isa = PBXGroup;
			children = (
				81FDDB2C1EEE51B00093A3C9 /* DYTabBarController.h */,
				81FDDB2D1EEE51B00093A3C9 /* DYTabBarController.m */,
			);
			path = BaseViewControllers;
			sourceTree = "<group>";
		};
		81FDDB2F1EEE535D0093A3C9 /* Define */ = {
			isa = PBXGroup;
			children = (
				81FDDB301EEE53AE0093A3C9 /* FontAndColorMacros.h */,
			);
			path = Define;
			sourceTree = "<group>";
		};
		81FDDB311EEE53F70093A3C9 /* Utils */ = {
			isa = PBXGroup;
			children = (
				81FDDB321EEE54270093A3C9 /* Category */,
			);
			path = Utils;
			sourceTree = "<group>";
		};
		81FDDB321EEE54270093A3C9 /* Category */ = {
			isa = PBXGroup;
			children = (
				81FDDB331EEE55290093A3C9 /* UIColor+Util.h */,
				81FDDB341EEE55290093A3C9 /* UIColor+Util.m */,
			);
			path = Category;
			sourceTree = "<group>";
		};
/* End PBXGroup section */

/* Begin PBXNativeTarget section */
		81FDDB0B1EEE29FA0093A3C9 /* DouYuApp */ = {
			isa = PBXNativeTarget;
			buildConfigurationList = 81FDDB231EEE29FA0093A3C9 /* Build configuration list for PBXNativeTarget "DouYuApp" */;
			buildPhases = (
				81FDDB081EEE29FA0093A3C9 /* Sources */,
				81FDDB091EEE29FA0093A3C9 /* Frameworks */,
				81FDDB0A1EEE29FA0093A3C9 /* Resources */,
			);
			buildRules = (
			);
			dependencies = (
			);
			name = DouYuApp;
			productName = DouYuApp;
			productReference = 81FDDB0C1EEE29FA0093A3C9 /* DouYuApp.app */;
			productType = "com.apple.product-type.application";
		};
/* End PBXNativeTarget section */

/* Begin PBXProject section */
		81FDDB041EEE29FA0093A3C9 /* Project object */ = {
			isa = PBXProject;
			attributes = {
				LastUpgradeCheck = 0820;
				ORGANIZATIONNAME = ethan;
				TargetAttributes = {
					81FDDB0B1EEE29FA0093A3C9 = {
						CreatedOnToolsVersion = 8.2.1;
						DevelopmentTeam = 9GJ37C6WXN;
						ProvisioningStyle = Automatic;
					};
				};
			};
			buildConfigurationList = 81FDDB071EEE29FA0093A3C9 /* Build configuration list for PBXProject "DouYuApp" */;
			compatibilityVersion = "Xcode 3.2";
			developmentRegion = English;
			hasScannedForEncodings = 0;
			knownRegions = (
				en,
				Base,
			);
			mainGroup = 81FDDB031EEE29FA0093A3C9;
			productRefGroup = 81FDDB0D1EEE29FA0093A3C9 /* Products */;
			projectDirPath = "";
			projectRoot = "";
			targets = (
				81FDDB0B1EEE29FA0093A3C9 /* DouYuApp */,
			);
		};
/* End PBXProject section */

/* Begin PBXResourcesBuildPhase section */
		81FDDB0A1EEE29FA0093A3C9 /* Resources */ = {
			isa = PBXResourcesBuildPhase;
			buildActionMask = 2147483647;
			files = (
				81FDDB1F1EEE29FA0093A3C9 /* LaunchScreen.storyboard in Resources */,
				81FDDB1C1EEE29FA0093A3C9 /* Assets.xcassets in Resources */,
				81FDDB1A1EEE29FA0093A3C9 /* Main.storyboard in Resources */,
			);
			runOnlyForDeploymentPostprocessing = 0;
		};
/* End PBXResourcesBuildPhase section */

/* Begin PBXSourcesBuildPhase section */
		81FDDB081EEE29FA0093A3C9 /* Sources */ = {
			isa = PBXSourcesBuildPhase;
			buildActionMask = 2147483647;
			files = (
				81FDDB2E1EEE51B00093A3C9 /* DYTabBarController.m in Sources */,
				4ECE7E931EF02F0900EB625A /* TitleButton.m in Sources */,
				4E0E110D1F14253300F53B38 /* RecommendCell.m in Sources */,
				4E0E110A1F141B5200F53B38 /* RecommendFlowLayout.m in Sources */,
				81FDDB171EEE29FA0093A3C9 /* ViewController.m in Sources */,
				81FDDB141EEE29FA0093A3C9 /* AppDelegate.m in Sources */,
				81FDDB111EEE29FA0093A3C9 /* main.m in Sources */,
				4ECE7E991EF0A5BB00EB625A /* RecommendViewController.m in Sources */,
				81FDDB351EEE55290093A3C9 /* UIColor+Util.m in Sources */,
				4ECE7E961EF0841D00EB625A /* WJItemsControlView.m in Sources */,
				815B88C81EEE6E150052B2CE /* HomeViewController.m in Sources */,
				815B88D51EEEB6F90052B2CE /* DiscoveryViewController.m in Sources */,
				815B88D81EEEB70D0052B2CE /* MineViewController.m in Sources */,
				815B88CC1EEEB0130052B2CE /* LiveViewController.m in Sources */,
				4ECE7E8F1EF02E7100EB625A /* FocusViewController.m in Sources */,
			);
			runOnlyForDeploymentPostprocessing = 0;
		};
/* End PBXSourcesBuildPhase section */

/* Begin PBXVariantGroup section */
		81FDDB181EEE29FA0093A3C9 /* Main.storyboard */ = {
			isa = PBXVariantGroup;
			children = (
				81FDDB191EEE29FA0093A3C9 /* Base */,
			);
			name = Main.storyboard;
			sourceTree = "<group>";
		};
		81FDDB1D1EEE29FA0093A3C9 /* LaunchScreen.storyboard */ = {
			isa = PBXVariantGroup;
			children = (
				81FDDB1E1EEE29FA0093A3C9 /* Base */,
			);
			name = LaunchScreen.storyboard;
			sourceTree = "<group>";
		};
/* End PBXVariantGroup section */

/* Begin XCBuildConfiguration section */
		81FDDB211EEE29FA0093A3C9 /* Debug */ = {
			isa = XCBuildConfiguration;
			buildSettings = {
				ALWAYS_SEARCH_USER_PATHS = NO;
				CLANG_ANALYZER_NONNULL = YES;
				CLANG_CXX_LANGUAGE_STANDARD = "gnu++0x";
				CLANG_CXX_LIBRARY = "libc++";
				CLANG_ENABLE_MODULES = YES;
				CLANG_ENABLE_OBJC_ARC = YES;
				CLANG_WARN_BOOL_CONVERSION = YES;
				CLANG_WARN_CONSTANT_CONVERSION = YES;
				CLANG_WARN_DIRECT_OBJC_ISA_USAGE = YES_ERROR;
				CLANG_WARN_DOCUMENTATION_COMMENTS = YES;
				CLANG_WARN_EMPTY_BODY = YES;
				CLANG_WARN_ENUM_CONVERSION = YES;
				CLANG_WARN_INFINITE_RECURSION = YES;
				CLANG_WARN_INT_CONVERSION = YES;
				CLANG_WARN_OBJC_ROOT_CLASS = YES_ERROR;
				CLANG_WARN_SUSPICIOUS_MOVE = YES;
				CLANG_WARN_UNREACHABLE_CODE = YES;
				CLANG_WARN__DUPLICATE_METHOD_MATCH = YES;
				"CODE_SIGN_IDENTITY[sdk=iphoneos*]" = "iPhone Developer";
				COPY_PHASE_STRIP = NO;
				DEBUG_INFORMATION_FORMAT = dwarf;
				ENABLE_STRICT_OBJC_MSGSEND = YES;
				ENABLE_TESTABILITY = YES;
				GCC_C_LANGUAGE_STANDARD = gnu99;
				GCC_DYNAMIC_NO_PIC = NO;
				GCC_NO_COMMON_BLOCKS = YES;
				GCC_OPTIMIZATION_LEVEL = 0;
				GCC_PREPROCESSOR_DEFINITIONS = (
					"DEBUG=1",
					"$(inherited)",
				);
				GCC_WARN_64_TO_32_BIT_CONVERSION = YES;
				GCC_WARN_ABOUT_RETURN_TYPE = YES_ERROR;
				GCC_WARN_UNDECLARED_SELECTOR = YES;
				GCC_WARN_UNINITIALIZED_AUTOS = YES_AGGRESSIVE;
				GCC_WARN_UNUSED_FUNCTION = YES;
				GCC_WARN_UNUSED_VARIABLE = YES;
				IPHONEOS_DEPLOYMENT_TARGET = 10.2;
				MTL_ENABLE_DEBUG_INFO = YES;
				ONLY_ACTIVE_ARCH = YES;
				SDKROOT = iphoneos;
			};
			name = Debug;
		};
		81FDDB221EEE29FA0093A3C9 /* Release */ = {
			isa = XCBuildConfiguration;
			buildSettings = {
				ALWAYS_SEARCH_USER_PATHS = NO;
				CLANG_ANALYZER_NONNULL = YES;
				CLANG_CXX_LANGUAGE_STANDARD = "gnu++0x";
				CLANG_CXX_LIBRARY = "libc++";
				CLANG_ENABLE_MODULES = YES;
				CLANG_ENABLE_OBJC_ARC = YES;
				CLANG_WARN_BOOL_CONVERSION = YES;
				CLANG_WARN_CONSTANT_CONVERSION = YES;
				CLANG_WARN_DIRECT_OBJC_ISA_USAGE = YES_ERROR;
				CLANG_WARN_DOCUMENTATION_COMMENTS = YES;
				CLANG_WARN_EMPTY_BODY = YES;
				CLANG_WARN_ENUM_CONVERSION = YES;
				CLANG_WARN_INFINITE_RECURSION = YES;
				CLANG_WARN_INT_CONVERSION = YES;
				CLANG_WARN_OBJC_ROOT_CLASS = YES_ERROR;
				CLANG_WARN_SUSPICIOUS_MOVE = YES;
				CLANG_WARN_UNREACHABLE_CODE = YES;
				CLANG_WARN__DUPLICATE_METHOD_MATCH = YES;
				"CODE_SIGN_IDENTITY[sdk=iphoneos*]" = "iPhone Developer";
				COPY_PHASE_STRIP = NO;
				DEBUG_INFORMATION_FORMAT = "dwarf-with-dsym";
				ENABLE_NS_ASSERTIONS = NO;
				ENABLE_STRICT_OBJC_MSGSEND = YES;
				GCC_C_LANGUAGE_STANDARD = gnu99;
				GCC_NO_COMMON_BLOCKS = YES;
				GCC_WARN_64_TO_32_BIT_CONVERSION = YES;
				GCC_WARN_ABOUT_RETURN_TYPE = YES_ERROR;
				GCC_WARN_UNDECLARED_SELECTOR = YES;
				GCC_WARN_UNINITIALIZED_AUTOS = YES_AGGRESSIVE;
				GCC_WARN_UNUSED_FUNCTION = YES;
				GCC_WARN_UNUSED_VARIABLE = YES;
				IPHONEOS_DEPLOYMENT_TARGET = 10.2;
				MTL_ENABLE_DEBUG_INFO = NO;
				SDKROOT = iphoneos;
				VALIDATE_PRODUCT = YES;
			};
			name = Release;
		};
		81FDDB241EEE29FA0093A3C9 /* Debug */ = {
			isa = XCBuildConfiguration;
			buildSettings = {
				ASSETCATALOG_COMPILER_APPICON_NAME = AppIcon;
				DEVELOPMENT_TEAM = 9GJ37C6WXN;
				GCC_PRECOMPILE_PREFIX_HEADER = YES;
				GCC_PREFIX_HEADER = "$(SRCROOT)/DouYuApp/DouYuApp-Prefix.pch";
				INFOPLIST_FILE = DouYuApp/Info.plist;
				LD_RUNPATH_SEARCH_PATHS = "$(inherited) @executable_path/Frameworks";
				PRODUCT_BUNDLE_IDENTIFIER = com.ethan.www.DouYuApp;
				PRODUCT_NAME = "$(TARGET_NAME)";
			};
			name = Debug;
		};
		81FDDB251EEE29FA0093A3C9 /* Release */ = {
			isa = XCBuildConfiguration;
			buildSettings = {
				ASSETCATALOG_COMPILER_APPICON_NAME = AppIcon;
				DEVELOPMENT_TEAM = 9GJ37C6WXN;
				GCC_PRECOMPILE_PREFIX_HEADER = YES;
				GCC_PREFIX_HEADER = "$(SRCROOT)/DouYuApp/DouYuApp-Prefix.pch";
				INFOPLIST_FILE = DouYuApp/Info.plist;
				LD_RUNPATH_SEARCH_PATHS = "$(inherited) @executable_path/Frameworks";
				PRODUCT_BUNDLE_IDENTIFIER = com.ethan.www.DouYuApp;
				PRODUCT_NAME = "$(TARGET_NAME)";
			};
			name = Release;
		};
/* End XCBuildConfiguration section */

/* Begin XCConfigurationList section */
		81FDDB071EEE29FA0093A3C9 /* Build configuration list for PBXProject "DouYuApp" */ = {
			isa = XCConfigurationList;
			buildConfigurations = (
				81FDDB211EEE29FA0093A3C9 /* Debug */,
				81FDDB221EEE29FA0093A3C9 /* Release */,
			);
			defaultConfigurationIsVisible = 0;
			defaultConfigurationName = Release;
		};
		81FDDB231EEE29FA0093A3C9 /* Build configuration list for PBXNativeTarget "DouYuApp" */ = {
			isa = XCConfigurationList;
			buildConfigurations = (
				81FDDB241EEE29FA0093A3C9 /* Debug */,
				81FDDB251EEE29FA0093A3C9 /* Release */,
			);
			defaultConfigurationIsVisible = 0;
			defaultConfigurationName = Release;
		};
/* End XCConfigurationList section */
	};
	rootObject = 81FDDB041EEE29FA0093A3C9 /* Project object */;
}
